
Microsoft Visual Studio Solution File, Format Version 12.00
# Visual Studio 15
VisualStudioVersion = 15.0.28307.902
MinimumVisualStudioVersion = 10.0.40219.1
Project("{FAE04EC0-301F-11D3-BF4B-00C04F79EFBC}") = "variant4", "variant4\variant4.csproj", "{A746BACE-ABCD-422F-A5A4-146D4D00A252}"
EndProject
Global
	GlobalSection(SolutionConfigurationPlatforms) = preSolution
		Debug|Any CPU = Debug|Any CPU
		Release|Any CPU = Release|Any CPU
	EndGlobalSection
	GlobalSection(ProjectConfigurationPlatforms) = postSolution
		{A746BACE-ABCD-422F-A5A4-146D4D00A252}.Debug|Any CPU.ActiveCfg = Debug|Any CPU
		{A746BACE-ABCD-422F-A5A4-146D4D00A252}.Debug|Any CPU.Build.0 = Debug|Any CPU
		{A746BACE-ABCD-422F-A5A4-146D4D00A252}.Release|Any CPU.ActiveCfg = Release|Any CPU
		{A746BACE-ABCD-422F-A5A4-146D4D00A252}.Release|Any CPU.Build.0 = Release|Any CPU
	EndGlobalSection
	GlobalSection(SolutionProperties) = preSolution
		HideSolutionNode = FALSE
	EndGlobalSection
	GlobalSection(ExtensibilityGlobals) = postSolution
		SolutionGuid = {D1CBC100-DF37-4AD3-9742-B7F73807BCA0}
	EndGlobalSection
EndGlobal
