
Microsoft Visual Studio Solution File, Format Version 12.00
# Visual Studio 15
VisualStudioVersion = 15.0.28307.902
MinimumVisualStudioVersion = 10.0.40219.1
Project("{FAE04EC0-301F-11D3-BF4B-00C04F79EFBC}") = "variant3", "variant3\variant3.csproj", "{5A237C3D-DA1F-4FEA-B219-B3FD93E575F4}"
EndProject
Global
	GlobalSection(SolutionConfigurationPlatforms) = preSolution
		Debug|Any CPU = Debug|Any CPU
		Release|Any CPU = Release|Any CPU
	EndGlobalSection
	GlobalSection(ProjectConfigurationPlatforms) = postSolution
		{5A237C3D-DA1F-4FEA-B219-B3FD93E575F4}.Debug|Any CPU.ActiveCfg = Debug|Any CPU
		{5A237C3D-DA1F-4FEA-B219-B3FD93E575F4}.Debug|Any CPU.Build.0 = Debug|Any CPU
		{5A237C3D-DA1F-4FEA-B219-B3FD93E575F4}.Release|Any CPU.ActiveCfg = Release|Any CPU
		{5A237C3D-DA1F-4FEA-B219-B3FD93E575F4}.Release|Any CPU.Build.0 = Release|Any CPU
	EndGlobalSection
	GlobalSection(SolutionProperties) = preSolution
		HideSolutionNode = FALSE
	EndGlobalSection
	GlobalSection(ExtensibilityGlobals) = postSolution
		SolutionGuid = {37304B91-79C2-4357-BEDA-00C4FF870812}
	EndGlobalSection
EndGlobal
