
Microsoft Visual Studio Solution File, Format Version 12.00
# Visual Studio 15
VisualStudioVersion = 15.0.28307.902
MinimumVisualStudioVersion = 10.0.40219.1
Project("{FAE04EC0-301F-11D3-BF4B-00C04F79EFBC}") = "variant7", "variant7\variant7.csproj", "{0930F181-F4C1-4076-B93B-C5842397905E}"
EndProject
Global
	GlobalSection(SolutionConfigurationPlatforms) = preSolution
		Debug|Any CPU = Debug|Any CPU
		Release|Any CPU = Release|Any CPU
	EndGlobalSection
	GlobalSection(ProjectConfigurationPlatforms) = postSolution
		{0930F181-F4C1-4076-B93B-C5842397905E}.Debug|Any CPU.ActiveCfg = Debug|Any CPU
		{0930F181-F4C1-4076-B93B-C5842397905E}.Debug|Any CPU.Build.0 = Debug|Any CPU
		{0930F181-F4C1-4076-B93B-C5842397905E}.Release|Any CPU.ActiveCfg = Release|Any CPU
		{0930F181-F4C1-4076-B93B-C5842397905E}.Release|Any CPU.Build.0 = Release|Any CPU
	EndGlobalSection
	GlobalSection(SolutionProperties) = preSolution
		HideSolutionNode = FALSE
	EndGlobalSection
	GlobalSection(ExtensibilityGlobals) = postSolution
		SolutionGuid = {BE013632-BF47-4193-AC89-9D33E159B9BA}
	EndGlobalSection
EndGlobal
