
Microsoft Visual Studio Solution File, Format Version 12.00
# Visual Studio 15
VisualStudioVersion = 15.0.28307.902
MinimumVisualStudioVersion = 10.0.40219.1
Project("{FAE04EC0-301F-11D3-BF4B-00C04F79EFBC}") = "variant9", "variant9\variant9.csproj", "{EEDAA69E-DE80-4ACE-9231-1B40D9658436}"
EndProject
Global
	GlobalSection(SolutionConfigurationPlatforms) = preSolution
		Debug|Any CPU = Debug|Any CPU
		Release|Any CPU = Release|Any CPU
	EndGlobalSection
	GlobalSection(ProjectConfigurationPlatforms) = postSolution
		{EEDAA69E-DE80-4ACE-9231-1B40D9658436}.Debug|Any CPU.ActiveCfg = Debug|Any CPU
		{EEDAA69E-DE80-4ACE-9231-1B40D9658436}.Debug|Any CPU.Build.0 = Debug|Any CPU
		{EEDAA69E-DE80-4ACE-9231-1B40D9658436}.Release|Any CPU.ActiveCfg = Release|Any CPU
		{EEDAA69E-DE80-4ACE-9231-1B40D9658436}.Release|Any CPU.Build.0 = Release|Any CPU
	EndGlobalSection
	GlobalSection(SolutionProperties) = preSolution
		HideSolutionNode = FALSE
	EndGlobalSection
	GlobalSection(ExtensibilityGlobals) = postSolution
		SolutionGuid = {34B8674C-176F-4A81-9DD9-D136E113BF00}
	EndGlobalSection
EndGlobal
