
Microsoft Visual Studio Solution File, Format Version 12.00
# Visual Studio 15
VisualStudioVersion = 15.0.28307.902
MinimumVisualStudioVersion = 10.0.40219.1
Project("{FAE04EC0-301F-11D3-BF4B-00C04F79EFBC}") = "variant5", "variant5\variant5.csproj", "{1E0874C2-5D2D-453E-842A-C07AF281E390}"
EndProject
Global
	GlobalSection(SolutionConfigurationPlatforms) = preSolution
		Debug|Any CPU = Debug|Any CPU
		Release|Any CPU = Release|Any CPU
	EndGlobalSection
	GlobalSection(ProjectConfigurationPlatforms) = postSolution
		{1E0874C2-5D2D-453E-842A-C07AF281E390}.Debug|Any CPU.ActiveCfg = Debug|Any CPU
		{1E0874C2-5D2D-453E-842A-C07AF281E390}.Debug|Any CPU.Build.0 = Debug|Any CPU
		{1E0874C2-5D2D-453E-842A-C07AF281E390}.Release|Any CPU.ActiveCfg = Release|Any CPU
		{1E0874C2-5D2D-453E-842A-C07AF281E390}.Release|Any CPU.Build.0 = Release|Any CPU
	EndGlobalSection
	GlobalSection(SolutionProperties) = preSolution
		HideSolutionNode = FALSE
	EndGlobalSection
	GlobalSection(ExtensibilityGlobals) = postSolution
		SolutionGuid = {6D21376D-B654-4812-9B6B-3BD3E318498F}
	EndGlobalSection
EndGlobal
