
Microsoft Visual Studio Solution File, Format Version 12.00
# Visual Studio 15
VisualStudioVersion = 15.0.28307.902
MinimumVisualStudioVersion = 10.0.40219.1
Project("{FAE04EC0-301F-11D3-BF4B-00C04F79EFBC}") = "variant1", "variant1\variant1.csproj", "{371E8DB6-7569-405D-A9C8-97D259EB41EB}"
EndProject
Global
	GlobalSection(SolutionConfigurationPlatforms) = preSolution
		Debug|Any CPU = Debug|Any CPU
		Release|Any CPU = Release|Any CPU
	EndGlobalSection
	GlobalSection(ProjectConfigurationPlatforms) = postSolution
		{371E8DB6-7569-405D-A9C8-97D259EB41EB}.Debug|Any CPU.ActiveCfg = Debug|Any CPU
		{371E8DB6-7569-405D-A9C8-97D259EB41EB}.Debug|Any CPU.Build.0 = Debug|Any CPU
		{371E8DB6-7569-405D-A9C8-97D259EB41EB}.Release|Any CPU.ActiveCfg = Release|Any CPU
		{371E8DB6-7569-405D-A9C8-97D259EB41EB}.Release|Any CPU.Build.0 = Release|Any CPU
	EndGlobalSection
	GlobalSection(SolutionProperties) = preSolution
		HideSolutionNode = FALSE
	EndGlobalSection
	GlobalSection(ExtensibilityGlobals) = postSolution
		SolutionGuid = {8813DC56-C8D3-42BB-9757-F182400A28EF}
	EndGlobalSection
EndGlobal
